
Microsoft Visual Studio Solution File, Format Version 12.00
# Visual Studio 14
VisualStudioVersion = 14.0.23107.0
MinimumVisualStudioVersion = 10.0.40219.1
Project("{262852C6-CD72-467D-83FE-5EEB1973A190}") = "BankSecretary", "BankSecretary\BankSecretary.jsproj", "{3715C35A-53E6-46E6-9D51-29C5797987AE}"
EndProject
Project("{FAE04EC0-301F-11D3-BF4B-00C04F79EFBC}") = "TileService", "TileService\TileService.csproj", "{5E134566-8DE6-48EE-B4CC-75D6081B97E7}"
EndProject
Project("{FAE04EC0-301F-11D3-BF4B-00C04F79EFBC}") = "RegisterComponent", "RegisterComponent\RegisterComponent.csproj", "{9B75E35E-4C23-4531-B1B4-A4B14642B651}"
EndProject
Global
	GlobalSection(SolutionConfigurationPlatforms) = preSolution
		Debug|Any CPU = Debug|Any CPU
		Debug|ARM = Debug|ARM
		Debug|x64 = Debug|x64
		Debug|x86 = Debug|x86
		Release|Any CPU = Release|Any CPU
		Release|ARM = Release|ARM
		Release|x64 = Release|x64
		Release|x86 = Release|x86
	EndGlobalSection
	GlobalSection(ProjectConfigurationPlatforms) = postSolution
		{3715C35A-53E6-46E6-9D51-29C5797987AE}.Debug|Any CPU.ActiveCfg = Debug|Any CPU
		{3715C35A-53E6-46E6-9D51-29C5797987AE}.Debug|Any CPU.Build.0 = Debug|Any CPU
		{3715C35A-53E6-46E6-9D51-29C5797987AE}.Debug|Any CPU.Deploy.0 = Debug|Any CPU
		{3715C35A-53E6-46E6-9D51-29C5797987AE}.Debug|ARM.ActiveCfg = Debug|ARM
		{3715C35A-53E6-46E6-9D51-29C5797987AE}.Debug|ARM.Build.0 = Debug|ARM
		{3715C35A-53E6-46E6-9D51-29C5797987AE}.Debug|ARM.Deploy.0 = Debug|ARM
		{3715C35A-53E6-46E6-9D51-29C5797987AE}.Debug|x64.ActiveCfg = Debug|x64
		{3715C35A-53E6-46E6-9D51-29C5797987AE}.Debug|x64.Build.0 = Debug|x64
		{3715C35A-53E6-46E6-9D51-29C5797987AE}.Debug|x64.Deploy.0 = Debug|x64
		{3715C35A-53E6-46E6-9D51-29C5797987AE}.Debug|x86.ActiveCfg = Debug|x86
		{3715C35A-53E6-46E6-9D51-29C5797987AE}.Debug|x86.Build.0 = Debug|x86
		{3715C35A-53E6-46E6-9D51-29C5797987AE}.Debug|x86.Deploy.0 = Debug|x86
		{3715C35A-53E6-46E6-9D51-29C5797987AE}.Release|Any CPU.ActiveCfg = Release|Any CPU
		{3715C35A-53E6-46E6-9D51-29C5797987AE}.Release|Any CPU.Build.0 = Release|Any CPU
		{3715C35A-53E6-46E6-9D51-29C5797987AE}.Release|Any CPU.Deploy.0 = Release|Any CPU
		{3715C35A-53E6-46E6-9D51-29C5797987AE}.Release|ARM.ActiveCfg = Release|ARM
		{3715C35A-53E6-46E6-9D51-29C5797987AE}.Release|ARM.Build.0 = Release|ARM
		{3715C35A-53E6-46E6-9D51-29C5797987AE}.Release|ARM.Deploy.0 = Release|ARM
		{3715C35A-53E6-46E6-9D51-29C5797987AE}.Release|x64.ActiveCfg = Release|x64
		{3715C35A-53E6-46E6-9D51-29C5797987AE}.Release|x64.Build.0 = Release|x64
		{3715C35A-53E6-46E6-9D51-29C5797987AE}.Release|x64.Deploy.0 = Release|x64
		{3715C35A-53E6-46E6-9D51-29C5797987AE}.Release|x86.ActiveCfg = Release|x86
		{3715C35A-53E6-46E6-9D51-29C5797987AE}.Release|x86.Build.0 = Release|x86
		{3715C35A-53E6-46E6-9D51-29C5797987AE}.Release|x86.Deploy.0 = Release|x86
		{5E134566-8DE6-48EE-B4CC-75D6081B97E7}.Debug|Any CPU.ActiveCfg = Debug|Any CPU
		{5E134566-8DE6-48EE-B4CC-75D6081B97E7}.Debug|Any CPU.Build.0 = Debug|Any CPU
		{5E134566-8DE6-48EE-B4CC-75D6081B97E7}.Debug|ARM.ActiveCfg = Debug|ARM
		{5E134566-8DE6-48EE-B4CC-75D6081B97E7}.Debug|ARM.Build.0 = Debug|ARM
		{5E134566-8DE6-48EE-B4CC-75D6081B97E7}.Debug|x64.ActiveCfg = Debug|x64
		{5E134566-8DE6-48EE-B4CC-75D6081B97E7}.Debug|x64.Build.0 = Debug|x64
		{5E134566-8DE6-48EE-B4CC-75D6081B97E7}.Debug|x86.ActiveCfg = Debug|x86
		{5E134566-8DE6-48EE-B4CC-75D6081B97E7}.Debug|x86.Build.0 = Debug|x86
		{5E134566-8DE6-48EE-B4CC-75D6081B97E7}.Release|Any CPU.ActiveCfg = Release|Any CPU
		{5E134566-8DE6-48EE-B4CC-75D6081B97E7}.Release|Any CPU.Build.0 = Release|Any CPU
		{5E134566-8DE6-48EE-B4CC-75D6081B97E7}.Release|ARM.ActiveCfg = Release|ARM
		{5E134566-8DE6-48EE-B4CC-75D6081B97E7}.Release|ARM.Build.0 = Release|ARM
		{5E134566-8DE6-48EE-B4CC-75D6081B97E7}.Release|x64.ActiveCfg = Release|x64
		{5E134566-8DE6-48EE-B4CC-75D6081B97E7}.Release|x64.Build.0 = Release|x64
		{5E134566-8DE6-48EE-B4CC-75D6081B97E7}.Release|x86.ActiveCfg = Release|x86
		{5E134566-8DE6-48EE-B4CC-75D6081B97E7}.Release|x86.Build.0 = Release|x86
		{9B75E35E-4C23-4531-B1B4-A4B14642B651}.Debug|Any CPU.ActiveCfg = Debug|Any CPU
		{9B75E35E-4C23-4531-B1B4-A4B14642B651}.Debug|Any CPU.Build.0 = Debug|Any CPU
		{9B75E35E-4C23-4531-B1B4-A4B14642B651}.Debug|ARM.ActiveCfg = Debug|ARM
		{9B75E35E-4C23-4531-B1B4-A4B14642B651}.Debug|ARM.Build.0 = Debug|ARM
		{9B75E35E-4C23-4531-B1B4-A4B14642B651}.Debug|x64.ActiveCfg = Debug|x64
		{9B75E35E-4C23-4531-B1B4-A4B14642B651}.Debug|x64.Build.0 = Debug|x64
		{9B75E35E-4C23-4531-B1B4-A4B14642B651}.Debug|x86.ActiveCfg = Debug|x86
		{9B75E35E-4C23-4531-B1B4-A4B14642B651}.Debug|x86.Build.0 = Debug|x86
		{9B75E35E-4C23-4531-B1B4-A4B14642B651}.Release|Any CPU.ActiveCfg = Release|Any CPU
		{9B75E35E-4C23-4531-B1B4-A4B14642B651}.Release|Any CPU.Build.0 = Release|Any CPU
		{9B75E35E-4C23-4531-B1B4-A4B14642B651}.Release|ARM.ActiveCfg = Release|ARM
		{9B75E35E-4C23-4531-B1B4-A4B14642B651}.Release|ARM.Build.0 = Release|ARM
		{9B75E35E-4C23-4531-B1B4-A4B14642B651}.Release|x64.ActiveCfg = Release|x64
		{9B75E35E-4C23-4531-B1B4-A4B14642B651}.Release|x64.Build.0 = Release|x64
		{9B75E35E-4C23-4531-B1B4-A4B14642B651}.Release|x86.ActiveCfg = Release|x86
		{9B75E35E-4C23-4531-B1B4-A4B14642B651}.Release|x86.Build.0 = Release|x86
	EndGlobalSection
	GlobalSection(SolutionProperties) = preSolution
		HideSolutionNode = FALSE
	EndGlobalSection
EndGlobal
